
Microsoft Visual Studio Solution File, Format Version 12.00
# Visual Studio Version 16
VisualStudioVersion = 16.0.31205.134
MinimumVisualStudioVersion = 10.0.40219.1
Project("{FAE04EC0-301F-11D3-BF4B-00C04F79EFBC}") = "Uri1001", "Uri1001.csproj", "{644C310C-5CC8-4BAC-B0A7-18A2546CDBCD}"
EndProject
Global
	GlobalSection(SolutionConfigurationPlatforms) = preSolution
		Debug|Any CPU = Debug|Any CPU
		Release|Any CPU = Release|Any CPU
	EndGlobalSection
	GlobalSection(ProjectConfigurationPlatforms) = postSolution
		{644C310C-5CC8-4BAC-B0A7-18A2546CDBCD}.Debug|Any CPU.ActiveCfg = Debug|Any CPU
		{644C310C-5CC8-4BAC-B0A7-18A2546CDBCD}.Debug|Any CPU.Build.0 = Debug|Any CPU
		{644C310C-5CC8-4BAC-B0A7-18A2546CDBCD}.Release|Any CPU.ActiveCfg = Release|Any CPU
		{644C310C-5CC8-4BAC-B0A7-18A2546CDBCD}.Release|Any CPU.Build.0 = Release|Any CPU
	EndGlobalSection
	GlobalSection(SolutionProperties) = preSolution
		HideSolutionNode = FALSE
	EndGlobalSection
	GlobalSection(ExtensibilityGlobals) = postSolution
		SolutionGuid = {038AE8BE-3C80-42EB-94C7-38F2C4CCE3ED}
	EndGlobalSection
EndGlobal
