
Microsoft Visual Studio Solution File, Format Version 12.00
# Visual Studio Version 16
VisualStudioVersion = 16.0.31229.75
MinimumVisualStudioVersion = 10.0.40219.1
Project("{FAE04EC0-301F-11D3-BF4B-00C04F79EFBC}") = "Uri2593", "Uri2593.csproj", "{D05F208A-003A-4E02-92F1-95A99A3C1951}"
EndProject
Global
	GlobalSection(SolutionConfigurationPlatforms) = preSolution
		Debug|Any CPU = Debug|Any CPU
		Release|Any CPU = Release|Any CPU
	EndGlobalSection
	GlobalSection(ProjectConfigurationPlatforms) = postSolution
		{D05F208A-003A-4E02-92F1-95A99A3C1951}.Debug|Any CPU.ActiveCfg = Debug|Any CPU
		{D05F208A-003A-4E02-92F1-95A99A3C1951}.Debug|Any CPU.Build.0 = Debug|Any CPU
		{D05F208A-003A-4E02-92F1-95A99A3C1951}.Release|Any CPU.ActiveCfg = Release|Any CPU
		{D05F208A-003A-4E02-92F1-95A99A3C1951}.Release|Any CPU.Build.0 = Release|Any CPU
	EndGlobalSection
	GlobalSection(SolutionProperties) = preSolution
		HideSolutionNode = FALSE
	EndGlobalSection
	GlobalSection(ExtensibilityGlobals) = postSolution
		SolutionGuid = {F3E9E37C-5029-468F-8088-D430DE68D42D}
	EndGlobalSection
EndGlobal
