
Microsoft Visual Studio Solution File, Format Version 12.00
# Visual Studio Version 16
VisualStudioVersion = 16.0.31205.134
MinimumVisualStudioVersion = 10.0.40219.1
Project("{FAE04EC0-301F-11D3-BF4B-00C04F79EFBC}") = "Uri1050", "Uri1050.csproj", "{ED747580-C984-4297-86B6-FAF9B804E66C}"
EndProject
Global
	GlobalSection(SolutionConfigurationPlatforms) = preSolution
		Debug|Any CPU = Debug|Any CPU
		Release|Any CPU = Release|Any CPU
	EndGlobalSection
	GlobalSection(ProjectConfigurationPlatforms) = postSolution
		{ED747580-C984-4297-86B6-FAF9B804E66C}.Debug|Any CPU.ActiveCfg = Debug|Any CPU
		{ED747580-C984-4297-86B6-FAF9B804E66C}.Debug|Any CPU.Build.0 = Debug|Any CPU
		{ED747580-C984-4297-86B6-FAF9B804E66C}.Release|Any CPU.ActiveCfg = Release|Any CPU
		{ED747580-C984-4297-86B6-FAF9B804E66C}.Release|Any CPU.Build.0 = Release|Any CPU
	EndGlobalSection
	GlobalSection(SolutionProperties) = preSolution
		HideSolutionNode = FALSE
	EndGlobalSection
	GlobalSection(ExtensibilityGlobals) = postSolution
		SolutionGuid = {B7944DDD-90D6-499D-8F7A-195B0B5B461F}
	EndGlobalSection
EndGlobal
